<Solution>
  <Folder Name="/neotasks-dotnet/">
    <Project Path="neotasks-dotnet/NeoTasks.Api/NeoTasks.Api.csproj" />
    <Project Path="neotasks-dotnet/NeoTasks.Tests/NeoTasks.Tests.csproj" />
  </Folder>
  <Folder Name="/raid-booking/">
    <Project Path="raid-booking/RaidBooking.Api/RaidBooking.Api.csproj" />
    <Project Path="raid-booking/RaidBooking.Tests/RaidBooking.Tests.csproj" />
  </Folder>
  <Folder Name="/webhook-inbox/">
    <Project Path="webhook-inbox/WebhookInbox.Api/WebhookInbox.Api.csproj" />
    <Project Path="webhook-inbox/WebhookInbox.Tests/WebhookInbox.Tests.csproj" />
  </Folder>
</Solution>
