<Solution>
  <Folder Name="/raid-booking/">
    <Project Path="raid-booking/RaidBooking.Api/RaidBooking.Api.csproj" />
    <Project Path="raid-booking/RaidBooking.Tests/RaidBooking.Tests.csproj" />
  </Folder>
  <Folder Name="/webhook-inbox/">
    <Project Path="webhook-inbox/WebhookInbox.Api/WebhookInbox.Api.csproj" />
    <Project Path="webhook-inbox/WebhookInbox.Tests/WebhookInbox.Tests.csproj" />
  </Folder>
</Solution>
